{
  "requires": true,
  "lockfileVersion": 1,
  "dependencies": {
    "angular": {
      "version": "1.8.1",
      "resolved": "https://registry.npmjs.org/angular/-/angular-1.8.1.tgz",
      "integrity": "sha512-eiasF4uFXsmKD8qYpkKEi9rKVxMv0nIDZXsYrwzSbPIbjmTV05bx+18VDbRmMx7p+gL84T9Qw2NCpVe8w1QKHQ=="
    },
    "bootstrap": {
      "version": "4.5.2",
      "resolved": "https://registry.npmjs.org/bootstrap/-/bootstrap-4.5.2.tgz",
      "integrity": "sha512-vlGn0bcySYl/iV+BGA544JkkZP5LB3jsmkeKLFQakCOwCM3AOk7VkldBz4jrzSe+Z0Ezn99NVXa1o45cQY4R6A=="
    }
  }
}
